
Microsoft Visual Studio Solution File, Format Version 12.00
# Visual Studio Version 17
VisualStudioVersion = 17.11.35222.181
MinimumVisualStudioVersion = 10.0.40219.1
Project("{FAE04EC0-301F-11D3-BF4B-00C04F79EFBC}") = "дз 11.1.1", "дз 11.1.1\дз 11.1.1.csproj", "{09AEED7E-B086-4B75-84B4-0F4FE3E9E857}"
EndProject
Global
	GlobalSection(SolutionConfigurationPlatforms) = preSolution
		Debug|Any CPU = Debug|Any CPU
		Release|Any CPU = Release|Any CPU
	EndGlobalSection
	GlobalSection(ProjectConfigurationPlatforms) = postSolution
		{09AEED7E-B086-4B75-84B4-0F4FE3E9E857}.Debug|Any CPU.ActiveCfg = Debug|Any CPU
		{09AEED7E-B086-4B75-84B4-0F4FE3E9E857}.Debug|Any CPU.Build.0 = Debug|Any CPU
		{09AEED7E-B086-4B75-84B4-0F4FE3E9E857}.Release|Any CPU.ActiveCfg = Release|Any CPU
		{09AEED7E-B086-4B75-84B4-0F4FE3E9E857}.Release|Any CPU.Build.0 = Release|Any CPU
	EndGlobalSection
	GlobalSection(SolutionProperties) = preSolution
		HideSolutionNode = FALSE
	EndGlobalSection
	GlobalSection(ExtensibilityGlobals) = postSolution
		SolutionGuid = {0EAE5D65-CE28-4204-ADE0-1D5F19BD9DFB}
	EndGlobalSection
EndGlobal
