
Microsoft Visual Studio Solution File, Format Version 12.00
# Visual Studio Version 17
VisualStudioVersion = 17.11.35222.181
MinimumVisualStudioVersion = 10.0.40219.1
Project("{FAE04EC0-301F-11D3-BF4B-00C04F79EFBC}") = "дз 11.01", "дз 11.01\дз 11.01.csproj", "{B16F0F1E-115B-4F78-913A-D2B56FD89BF3}"
EndProject
Global
	GlobalSection(SolutionConfigurationPlatforms) = preSolution
		Debug|Any CPU = Debug|Any CPU
		Release|Any CPU = Release|Any CPU
	EndGlobalSection
	GlobalSection(ProjectConfigurationPlatforms) = postSolution
		{B16F0F1E-115B-4F78-913A-D2B56FD89BF3}.Debug|Any CPU.ActiveCfg = Debug|Any CPU
		{B16F0F1E-115B-4F78-913A-D2B56FD89BF3}.Debug|Any CPU.Build.0 = Debug|Any CPU
		{B16F0F1E-115B-4F78-913A-D2B56FD89BF3}.Release|Any CPU.ActiveCfg = Release|Any CPU
		{B16F0F1E-115B-4F78-913A-D2B56FD89BF3}.Release|Any CPU.Build.0 = Release|Any CPU
	EndGlobalSection
	GlobalSection(SolutionProperties) = preSolution
		HideSolutionNode = FALSE
	EndGlobalSection
	GlobalSection(ExtensibilityGlobals) = postSolution
		SolutionGuid = {0C0474CE-C556-41C0-87B3-EE04DEBE4FDE}
	EndGlobalSection
EndGlobal
