
Microsoft Visual Studio Solution File, Format Version 12.00
# Visual Studio Version 17
VisualStudioVersion = 17.11.35222.181
MinimumVisualStudioVersion = 10.0.40219.1
Project("{FAE04EC0-301F-11D3-BF4B-00C04F79EFBC}") = "кдз 1", "кдз 1\кдз 1.csproj", "{76CA3838-FB42-4111-9B99-794C9578B47F}"
EndProject
Global
	GlobalSection(SolutionConfigurationPlatforms) = preSolution
		Debug|Any CPU = Debug|Any CPU
		Release|Any CPU = Release|Any CPU
	EndGlobalSection
	GlobalSection(ProjectConfigurationPlatforms) = postSolution
		{76CA3838-FB42-4111-9B99-794C9578B47F}.Debug|Any CPU.ActiveCfg = Debug|Any CPU
		{76CA3838-FB42-4111-9B99-794C9578B47F}.Debug|Any CPU.Build.0 = Debug|Any CPU
		{76CA3838-FB42-4111-9B99-794C9578B47F}.Release|Any CPU.ActiveCfg = Release|Any CPU
		{76CA3838-FB42-4111-9B99-794C9578B47F}.Release|Any CPU.Build.0 = Release|Any CPU
	EndGlobalSection
	GlobalSection(SolutionProperties) = preSolution
		HideSolutionNode = FALSE
	EndGlobalSection
	GlobalSection(ExtensibilityGlobals) = postSolution
		SolutionGuid = {81874B9A-46EE-4670-99A7-B7ADDCE3543F}
	EndGlobalSection
EndGlobal
