
Microsoft Visual Studio Solution File, Format Version 12.00
# Visual Studio Version 17
VisualStudioVersion = 17.11.35222.181
MinimumVisualStudioVersion = 10.0.40219.1
Project("{FAE04EC0-301F-11D3-BF4B-00C04F79EFBC}") = "дз 3.1", "дз 2.3\дз 3.1.csproj", "{BBEC4A15-97C9-4658-90AF-0F3354BE2F49}"
EndProject
Global
	GlobalSection(SolutionConfigurationPlatforms) = preSolution
		Debug|Any CPU = Debug|Any CPU
		Release|Any CPU = Release|Any CPU
	EndGlobalSection
	GlobalSection(ProjectConfigurationPlatforms) = postSolution
		{BBEC4A15-97C9-4658-90AF-0F3354BE2F49}.Debug|Any CPU.ActiveCfg = Debug|Any CPU
		{BBEC4A15-97C9-4658-90AF-0F3354BE2F49}.Debug|Any CPU.Build.0 = Debug|Any CPU
		{BBEC4A15-97C9-4658-90AF-0F3354BE2F49}.Release|Any CPU.ActiveCfg = Release|Any CPU
		{BBEC4A15-97C9-4658-90AF-0F3354BE2F49}.Release|Any CPU.Build.0 = Release|Any CPU
	EndGlobalSection
	GlobalSection(SolutionProperties) = preSolution
		HideSolutionNode = FALSE
	EndGlobalSection
	GlobalSection(ExtensibilityGlobals) = postSolution
		SolutionGuid = {CDBE08F7-1023-48B6-B03A-BBC42B6D82AB}
	EndGlobalSection
EndGlobal
